{
  "name": "triviall",
  "version": "1.0.0",
  "lockfileVersion": 1,
  "requires": true,
  "dependencies": {
    "@popperjs/core": {
      "version": "2.5.3",
      "resolved": "https://registry.npmjs.org/@popperjs/core/-/core-2.5.3.tgz",
      "integrity": "sha512-RFwCobxsvZ6j7twS7dHIZQZituMIDJJNHS/qY6iuthVebxS3zhRY+jaC2roEKiAYaVuTcGmX6Luc6YBcf6zJVg=="
    },
    "alertifyjs": {
      "version": "1.13.1",
      "resolved": "https://registry.npmjs.org/alertifyjs/-/alertifyjs-1.13.1.tgz",
      "integrity": "sha512-CckZE2dZDsEEXglOXKxT00vUDV5A6udZom+bn1XHdIWlbSFZgYq7UXCBlwkShhIH3Li/1VxLmr55GOQFQ12WSg=="
    }
  }
}
